
Microsoft Visual Studio Solution File, Format Version 12.00
# Visual Studio Version 18
VisualStudioVersion = 18.0.11005.162
MinimumVisualStudioVersion = 10.0.40219.1
Project("{FAE04EC0-301F-11D3-BF4B-00C04F79EFBC}") = "Covalent.Core", "src\Covalent.Core\Covalent.Core.csproj", "{47A79362-E8E5-4ECE-BC70-FB0CB2C3F136}"
EndProject
Project("{FAE04EC0-301F-11D3-BF4B-00C04F79EFBC}") = "Covalent.Importers.AgentFiles", "src\Covalent.Importers.AgentFiles\Covalent.Importers.AgentFiles.csproj", "{312509E4-397C-4740-A21E-D29B61AF03D8}"
EndProject
Project("{FAE04EC0-301F-11D3-BF4B-00C04F79EFBC}") = "Covalent.Tests", "src\Covalent.Tests\Covalent.Tests.csproj", "{A1234567-89AB-CDEF-0123-456789ABCDEF}"
EndProject
Project("{2150E333-8FDC-42A3-9474-1A3956D46DE8}") = "0. Core", "0. Core", "{35C5E14D-8E06-4FC3-92ED-10C4BD06CEC8}"
EndProject
Project("{2150E333-8FDC-42A3-9474-1A3956D46DE8}") = "3. Imports and Exporters", "3. Imports and Exporters", "{D9342168-0FA0-43F2-A697-4C584E0D4A01}"
EndProject
Project("{2150E333-8FDC-42A3-9474-1A3956D46DE8}") = "1. Infrastructure", "1. Infrastructure", "{F0D5DB75-0DF2-4AF8-91A4-922F782742E3}"
EndProject
Project("{2150E333-8FDC-42A3-9474-1A3956D46DE8}") = "2. Aspire Injection", "2. Aspire Injection", "{002CAE97-C9D1-46F3-9C87-5A1AE3A5FFAC}"
EndProject
Project("{2150E333-8FDC-42A3-9474-1A3956D46DE8}") = "5. Aspire", "5. Aspire", "{B789F511-4E07-4066-8FAE-D882D1DD4393}"
EndProject
Project("{FAE04EC0-301F-11D3-BF4B-00C04F79EFBC}") = "Covalent.AppHost", "src\Covalent.AppHost\Covalent.AppHost.csproj", "{D7F94843-9970-4362-940B-9B33E0FB3C8A}"
EndProject
Project("{FAE04EC0-301F-11D3-BF4B-00C04F79EFBC}") = "Covalent.ServiceDefaults", "src\Covalent.ServiceDefaults\Covalent.ServiceDefaults.csproj", "{C5F5FA76-22F4-48DF-9ACC-6B4DCF06FAD3}"
EndProject
Project("{FAE04EC0-301F-11D3-BF4B-00C04F79EFBC}") = "Covalent.Silo", "src\Covalent.Silo\Covalent.Silo.csproj", "{B6CAADB3-C285-1DD3-3A0D-3EB782BF7645}"
EndProject
Project("{FAE04EC0-301F-11D3-BF4B-00C04F79EFBC}") = "Covalent.Silo.Domains", "src\Covalent.Silo.Domains\Covalent.Silo.Domains.csproj", "{17DB5885-190D-4F54-A884-5DEB690AC93C}"
EndProject
Project("{2150E333-8FDC-42A3-9474-1A3956D46DE8}") = "4. Application", "4. Application", "{9F0BF15A-9EF4-4B0C-9B24-778BF516465A}"
EndProject
Project("{2150E333-8FDC-42A3-9474-1A3956D46DE8}") = "6. Dependencies", "6. Dependencies", "{2CFA019F-E68B-4596-816A-EF9EF008C574}"
EndProject
Project("{FAE04EC0-301F-11D3-BF4B-00C04F79EFBC}") = "Hitch", "hitch\src\Hitch\Hitch.csproj", "{3EDA9768-01BE-7031-846E-D35A7AB4BD81}"
EndProject
Project("{FAE04EC0-301F-11D3-BF4B-00C04F79EFBC}") = "Hitch.Aspire.Hosting", "hitch\src\Hitch.Aspire.Hosting\Hitch.Aspire.Hosting.csproj", "{26C186B2-7B93-D7E0-2612-10B359315C1A}"
EndProject
Global
	GlobalSection(SolutionConfigurationPlatforms) = preSolution
		Debug|Any CPU = Debug|Any CPU
		Debug|x64 = Debug|x64
		Debug|x86 = Debug|x86
		Release|Any CPU = Release|Any CPU
		Release|x64 = Release|x64
		Release|x86 = Release|x86
	EndGlobalSection
	GlobalSection(ProjectConfigurationPlatforms) = postSolution
		{47A79362-E8E5-4ECE-BC70-FB0CB2C3F136}.Debug|Any CPU.ActiveCfg = Debug|Any CPU
		{47A79362-E8E5-4ECE-BC70-FB0CB2C3F136}.Debug|Any CPU.Build.0 = Debug|Any CPU
		{47A79362-E8E5-4ECE-BC70-FB0CB2C3F136}.Debug|x64.ActiveCfg = Debug|Any CPU
		{47A79362-E8E5-4ECE-BC70-FB0CB2C3F136}.Debug|x64.Build.0 = Debug|Any CPU
		{47A79362-E8E5-4ECE-BC70-FB0CB2C3F136}.Debug|x86.ActiveCfg = Debug|Any CPU
		{47A79362-E8E5-4ECE-BC70-FB0CB2C3F136}.Debug|x86.Build.0 = Debug|Any CPU
		{47A79362-E8E5-4ECE-BC70-FB0CB2C3F136}.Release|Any CPU.ActiveCfg = Release|Any CPU
		{47A79362-E8E5-4ECE-BC70-FB0CB2C3F136}.Release|Any CPU.Build.0 = Release|Any CPU
		{47A79362-E8E5-4ECE-BC70-FB0CB2C3F136}.Release|x64.ActiveCfg = Release|Any CPU
		{47A79362-E8E5-4ECE-BC70-FB0CB2C3F136}.Release|x64.Build.0 = Release|Any CPU
		{47A79362-E8E5-4ECE-BC70-FB0CB2C3F136}.Release|x86.ActiveCfg = Release|Any CPU
		{47A79362-E8E5-4ECE-BC70-FB0CB2C3F136}.Release|x86.Build.0 = Release|Any CPU
		{312509E4-397C-4740-A21E-D29B61AF03D8}.Debug|Any CPU.ActiveCfg = Debug|Any CPU
		{312509E4-397C-4740-A21E-D29B61AF03D8}.Debug|Any CPU.Build.0 = Debug|Any CPU
		{312509E4-397C-4740-A21E-D29B61AF03D8}.Debug|x64.ActiveCfg = Debug|Any CPU
		{312509E4-397C-4740-A21E-D29B61AF03D8}.Debug|x64.Build.0 = Debug|Any CPU
		{312509E4-397C-4740-A21E-D29B61AF03D8}.Debug|x86.ActiveCfg = Debug|Any CPU
		{312509E4-397C-4740-A21E-D29B61AF03D8}.Debug|x86.Build.0 = Debug|Any CPU
		{312509E4-397C-4740-A21E-D29B61AF03D8}.Release|Any CPU.ActiveCfg = Release|Any CPU
		{312509E4-397C-4740-A21E-D29B61AF03D8}.Release|Any CPU.Build.0 = Release|Any CPU
		{312509E4-397C-4740-A21E-D29B61AF03D8}.Release|x64.ActiveCfg = Release|Any CPU
		{312509E4-397C-4740-A21E-D29B61AF03D8}.Release|x64.Build.0 = Release|Any CPU
		{312509E4-397C-4740-A21E-D29B61AF03D8}.Release|x86.ActiveCfg = Release|Any CPU
		{312509E4-397C-4740-A21E-D29B61AF03D8}.Release|x86.Build.0 = Release|Any CPU
		{A1234567-89AB-CDEF-0123-456789ABCDEF}.Debug|Any CPU.ActiveCfg = Debug|Any CPU
		{A1234567-89AB-CDEF-0123-456789ABCDEF}.Debug|Any CPU.Build.0 = Debug|Any CPU
		{A1234567-89AB-CDEF-0123-456789ABCDEF}.Debug|x64.ActiveCfg = Debug|Any CPU
		{A1234567-89AB-CDEF-0123-456789ABCDEF}.Debug|x64.Build.0 = Debug|Any CPU
		{A1234567-89AB-CDEF-0123-456789ABCDEF}.Debug|x86.ActiveCfg = Debug|Any CPU
		{A1234567-89AB-CDEF-0123-456789ABCDEF}.Debug|x86.Build.0 = Debug|Any CPU
		{A1234567-89AB-CDEF-0123-456789ABCDEF}.Release|Any CPU.ActiveCfg = Release|Any CPU
		{A1234567-89AB-CDEF-0123-456789ABCDEF}.Release|Any CPU.Build.0 = Release|Any CPU
		{A1234567-89AB-CDEF-0123-456789ABCDEF}.Release|x64.ActiveCfg = Release|Any CPU
		{A1234567-89AB-CDEF-0123-456789ABCDEF}.Release|x64.Build.0 = Release|Any CPU
		{A1234567-89AB-CDEF-0123-456789ABCDEF}.Release|x86.ActiveCfg = Release|Any CPU
		{A1234567-89AB-CDEF-0123-456789ABCDEF}.Release|x86.Build.0 = Release|Any CPU
		{D7F94843-9970-4362-940B-9B33E0FB3C8A}.Debug|Any CPU.ActiveCfg = Debug|Any CPU
		{D7F94843-9970-4362-940B-9B33E0FB3C8A}.Debug|Any CPU.Build.0 = Debug|Any CPU
		{D7F94843-9970-4362-940B-9B33E0FB3C8A}.Debug|x64.ActiveCfg = Debug|Any CPU
		{D7F94843-9970-4362-940B-9B33E0FB3C8A}.Debug|x64.Build.0 = Debug|Any CPU
		{D7F94843-9970-4362-940B-9B33E0FB3C8A}.Debug|x86.ActiveCfg = Debug|Any CPU
		{D7F94843-9970-4362-940B-9B33E0FB3C8A}.Debug|x86.Build.0 = Debug|Any CPU
		{D7F94843-9970-4362-940B-9B33E0FB3C8A}.Release|Any CPU.ActiveCfg = Release|Any CPU
		{D7F94843-9970-4362-940B-9B33E0FB3C8A}.Release|Any CPU.Build.0 = Release|Any CPU
		{D7F94843-9970-4362-940B-9B33E0FB3C8A}.Release|x64.ActiveCfg = Release|Any CPU
		{D7F94843-9970-4362-940B-9B33E0FB3C8A}.Release|x64.Build.0 = Release|Any CPU
		{D7F94843-9970-4362-940B-9B33E0FB3C8A}.Release|x86.ActiveCfg = Release|Any CPU
		{D7F94843-9970-4362-940B-9B33E0FB3C8A}.Release|x86.Build.0 = Release|Any CPU
		{C5F5FA76-22F4-48DF-9ACC-6B4DCF06FAD3}.Debug|Any CPU.ActiveCfg = Debug|Any CPU
		{C5F5FA76-22F4-48DF-9ACC-6B4DCF06FAD3}.Debug|Any CPU.Build.0 = Debug|Any CPU
		{C5F5FA76-22F4-48DF-9ACC-6B4DCF06FAD3}.Debug|x64.ActiveCfg = Debug|Any CPU
		{C5F5FA76-22F4-48DF-9ACC-6B4DCF06FAD3}.Debug|x64.Build.0 = Debug|Any CPU
		{C5F5FA76-22F4-48DF-9ACC-6B4DCF06FAD3}.Debug|x86.ActiveCfg = Debug|Any CPU
		{C5F5FA76-22F4-48DF-9ACC-6B4DCF06FAD3}.Debug|x86.Build.0 = Debug|Any CPU
		{C5F5FA76-22F4-48DF-9ACC-6B4DCF06FAD3}.Release|Any CPU.ActiveCfg = Release|Any CPU
		{C5F5FA76-22F4-48DF-9ACC-6B4DCF06FAD3}.Release|Any CPU.Build.0 = Release|Any CPU
		{C5F5FA76-22F4-48DF-9ACC-6B4DCF06FAD3}.Release|x64.ActiveCfg = Release|Any CPU
		{C5F5FA76-22F4-48DF-9ACC-6B4DCF06FAD3}.Release|x64.Build.0 = Release|Any CPU
		{C5F5FA76-22F4-48DF-9ACC-6B4DCF06FAD3}.Release|x86.ActiveCfg = Release|Any CPU
		{C5F5FA76-22F4-48DF-9ACC-6B4DCF06FAD3}.Release|x86.Build.0 = Release|Any CPU
		{B6CAADB3-C285-1DD3-3A0D-3EB782BF7645}.Debug|Any CPU.ActiveCfg = Debug|Any CPU
		{B6CAADB3-C285-1DD3-3A0D-3EB782BF7645}.Debug|Any CPU.Build.0 = Debug|Any CPU
		{B6CAADB3-C285-1DD3-3A0D-3EB782BF7645}.Debug|x64.ActiveCfg = Debug|Any CPU
		{B6CAADB3-C285-1DD3-3A0D-3EB782BF7645}.Debug|x64.Build.0 = Debug|Any CPU
		{B6CAADB3-C285-1DD3-3A0D-3EB782BF7645}.Debug|x86.ActiveCfg = Debug|Any CPU
		{B6CAADB3-C285-1DD3-3A0D-3EB782BF7645}.Debug|x86.Build.0 = Debug|Any CPU
		{B6CAADB3-C285-1DD3-3A0D-3EB782BF7645}.Release|Any CPU.ActiveCfg = Release|Any CPU
		{B6CAADB3-C285-1DD3-3A0D-3EB782BF7645}.Release|Any CPU.Build.0 = Release|Any CPU
		{B6CAADB3-C285-1DD3-3A0D-3EB782BF7645}.Release|x64.ActiveCfg = Release|Any CPU
		{B6CAADB3-C285-1DD3-3A0D-3EB782BF7645}.Release|x64.Build.0 = Release|Any CPU
		{B6CAADB3-C285-1DD3-3A0D-3EB782BF7645}.Release|x86.ActiveCfg = Release|Any CPU
		{B6CAADB3-C285-1DD3-3A0D-3EB782BF7645}.Release|x86.Build.0 = Release|Any CPU
		{17DB5885-190D-4F54-A884-5DEB690AC93C}.Debug|Any CPU.ActiveCfg = Debug|Any CPU
		{17DB5885-190D-4F54-A884-5DEB690AC93C}.Debug|Any CPU.Build.0 = Debug|Any CPU
		{17DB5885-190D-4F54-A884-5DEB690AC93C}.Debug|x64.ActiveCfg = Debug|Any CPU
		{17DB5885-190D-4F54-A884-5DEB690AC93C}.Debug|x64.Build.0 = Debug|Any CPU
		{17DB5885-190D-4F54-A884-5DEB690AC93C}.Debug|x86.ActiveCfg = Debug|Any CPU
		{17DB5885-190D-4F54-A884-5DEB690AC93C}.Debug|x86.Build.0 = Debug|Any CPU
		{17DB5885-190D-4F54-A884-5DEB690AC93C}.Release|Any CPU.ActiveCfg = Release|Any CPU
		{17DB5885-190D-4F54-A884-5DEB690AC93C}.Release|Any CPU.Build.0 = Release|Any CPU
		{17DB5885-190D-4F54-A884-5DEB690AC93C}.Release|x64.ActiveCfg = Release|Any CPU
		{17DB5885-190D-4F54-A884-5DEB690AC93C}.Release|x64.Build.0 = Release|Any CPU
		{17DB5885-190D-4F54-A884-5DEB690AC93C}.Release|x86.ActiveCfg = Release|Any CPU
		{17DB5885-190D-4F54-A884-5DEB690AC93C}.Release|x86.Build.0 = Release|Any CPU
		{3EDA9768-01BE-7031-846E-D35A7AB4BD81}.Debug|Any CPU.ActiveCfg = Debug|Any CPU
		{3EDA9768-01BE-7031-846E-D35A7AB4BD81}.Debug|Any CPU.Build.0 = Debug|Any CPU
		{3EDA9768-01BE-7031-846E-D35A7AB4BD81}.Debug|x64.ActiveCfg = Debug|Any CPU
		{3EDA9768-01BE-7031-846E-D35A7AB4BD81}.Debug|x64.Build.0 = Debug|Any CPU
		{3EDA9768-01BE-7031-846E-D35A7AB4BD81}.Debug|x86.ActiveCfg = Debug|Any CPU
		{3EDA9768-01BE-7031-846E-D35A7AB4BD81}.Debug|x86.Build.0 = Debug|Any CPU
		{3EDA9768-01BE-7031-846E-D35A7AB4BD81}.Release|Any CPU.ActiveCfg = Release|Any CPU
		{3EDA9768-01BE-7031-846E-D35A7AB4BD81}.Release|Any CPU.Build.0 = Release|Any CPU
		{3EDA9768-01BE-7031-846E-D35A7AB4BD81}.Release|x64.ActiveCfg = Release|Any CPU
		{3EDA9768-01BE-7031-846E-D35A7AB4BD81}.Release|x64.Build.0 = Release|Any CPU
		{3EDA9768-01BE-7031-846E-D35A7AB4BD81}.Release|x86.ActiveCfg = Release|Any CPU
		{3EDA9768-01BE-7031-846E-D35A7AB4BD81}.Release|x86.Build.0 = Release|Any CPU
		{26C186B2-7B93-D7E0-2612-10B359315C1A}.Debug|Any CPU.ActiveCfg = Debug|Any CPU
		{26C186B2-7B93-D7E0-2612-10B359315C1A}.Debug|Any CPU.Build.0 = Debug|Any CPU
		{26C186B2-7B93-D7E0-2612-10B359315C1A}.Debug|x64.ActiveCfg = Debug|Any CPU
		{26C186B2-7B93-D7E0-2612-10B359315C1A}.Debug|x64.Build.0 = Debug|Any CPU
		{26C186B2-7B93-D7E0-2612-10B359315C1A}.Debug|x86.ActiveCfg = Debug|Any CPU
		{26C186B2-7B93-D7E0-2612-10B359315C1A}.Debug|x86.Build.0 = Debug|Any CPU
		{26C186B2-7B93-D7E0-2612-10B359315C1A}.Release|Any CPU.ActiveCfg = Release|Any CPU
		{26C186B2-7B93-D7E0-2612-10B359315C1A}.Release|Any CPU.Build.0 = Release|Any CPU
		{26C186B2-7B93-D7E0-2612-10B359315C1A}.Release|x64.ActiveCfg = Release|Any CPU
		{26C186B2-7B93-D7E0-2612-10B359315C1A}.Release|x64.Build.0 = Release|Any CPU
		{26C186B2-7B93-D7E0-2612-10B359315C1A}.Release|x86.ActiveCfg = Release|Any CPU
		{26C186B2-7B93-D7E0-2612-10B359315C1A}.Release|x86.Build.0 = Release|Any CPU
	EndGlobalSection
	GlobalSection(SolutionProperties) = preSolution
		HideSolutionNode = FALSE
	EndGlobalSection
	GlobalSection(NestedProjects) = preSolution
		{47A79362-E8E5-4ECE-BC70-FB0CB2C3F136} = {35C5E14D-8E06-4FC3-92ED-10C4BD06CEC8}
		{312509E4-397C-4740-A21E-D29B61AF03D8} = {D9342168-0FA0-43F2-A697-4C584E0D4A01}
		{D7F94843-9970-4362-940B-9B33E0FB3C8A} = {B789F511-4E07-4066-8FAE-D882D1DD4393}
		{C5F5FA76-22F4-48DF-9ACC-6B4DCF06FAD3} = {B789F511-4E07-4066-8FAE-D882D1DD4393}
		{B6CAADB3-C285-1DD3-3A0D-3EB782BF7645} = {9F0BF15A-9EF4-4B0C-9B24-778BF516465A}
		{17DB5885-190D-4F54-A884-5DEB690AC93C} = {9F0BF15A-9EF4-4B0C-9B24-778BF516465A}
		{3EDA9768-01BE-7031-846E-D35A7AB4BD81} = {2CFA019F-E68B-4596-816A-EF9EF008C574}
		{26C186B2-7B93-D7E0-2612-10B359315C1A} = {2CFA019F-E68B-4596-816A-EF9EF008C574}
	EndGlobalSection
	GlobalSection(ExtensibilityGlobals) = postSolution
		SolutionGuid = {6A4A6622-CEFE-47B8-ADB3-655F41638C8C}
	EndGlobalSection
EndGlobal
